Microsoft Visual Studio Solution File, Format Version 12.00
# Visual Studio Version 17
VisualStudioVersion = 17.5.2.0
MinimumVisualStudioVersion = 10.0.40219.1
Project("{FAE04EC0-301F-11D3-BF4B-00C04F79EFBC}") = "trilhadotnetcelularcompoo", "trilhadotnetcelularcompoo.csproj", "{FD667113-3536-15EC-091C-9EF88E9BCBB0}"
EndProject
Global
	GlobalSection(SolutionConfigurationPlatforms) = preSolution
		Debug|Any CPU = Debug|Any CPU
		Release|Any CPU = Release|Any CPU
	EndGlobalSection
	GlobalSection(ProjectConfigurationPlatforms) = postSolution
		{FD667113-3536-15EC-091C-9EF88E9BCBB0}.Debug|Any CPU.ActiveCfg = Debug|Any CPU
		{FD667113-3536-15EC-091C-9EF88E9BCBB0}.Debug|Any CPU.Build.0 = Debug|Any CPU
		{FD667113-3536-15EC-091C-9EF88E9BCBB0}.Release|Any CPU.ActiveCfg = Release|Any CPU
		{FD667113-3536-15EC-091C-9EF88E9BCBB0}.Release|Any CPU.Build.0 = Release|Any CPU
	EndGlobalSection
	GlobalSection(SolutionProperties) = preSolution
		HideSolutionNode = FALSE
	EndGlobalSection
	GlobalSection(ExtensibilityGlobals) = postSolution
		SolutionGuid = {8308AB09-E069-4AE8-B3B5-BAA3D3B6FA5E}
	EndGlobalSection
EndGlobal
